// !$*UTF8*$!
{
	archiveVersion = 1;
	classes = {
	};
	objectVersion = 48;
	objects = {

/* Begin PBXBuildFile section */
		CEF412D41F8EF0FD00C482DE /* AppDelegate.swift in Sources */ = {isa = PBXBuildFile; fileRef = CEF412D31F8EF0FD00C482DE /* AppDelegate.swift */; };
		CEF412D61F8EF0FD00C482DE /* ViewController.swift in Sources */ = {isa = PBXBuildFile; fileRef = CEF412D51F8EF0FD00C482DE /* ViewController.swift */; };
		CEF412D91F8EF0FD00C482DE /* Main.storyboard in Resources */ = {isa = PBXBuildFile; fileRef = CEF412D71F8EF0FD00C482DE /* Main.storyboard */; };
		CEF412DB1F8EF0FD00C482DE /* Assets.xcassets in Resources */ = {isa = PBXBuildFile; fileRef = CEF412DA1F8EF0FD00C482DE /* Assets.xcassets */; };
		CEF412DE1F8EF0FD00C482DE /* LaunchScreen.storyboard in Resources */ = {isa = PBXBuildFile; fileRef = CEF412DC1F8EF0FD00C482DE /* LaunchScreen.storyboard */; };
/* End PBXBuildFile section */

/* Begin PBXFileReference section */
		CEF412D01F8EF0FD00C482DE /* MapQuest.app */ = {isa = PBXFileReference; explicitFileType = wrapper.application; includeInIndex = 0; path = MapQuest.app; sourceTree = BUILT_PRODUCTS_DIR; };
		CEF412D31F8EF0FD00C482DE /* AppDelegate.swift */ = {isa = PBXFileReference; lastKnownFileType = sourcecode.swift; path = AppDelegate.swift; sourceTree = "<group>"; };
		CEF412D51F8EF0FD00C482DE /* ViewController.swift */ = {isa = PBXFileReference; lastKnownFileType = sourcecode.swift; path = ViewController.swift; sourceTree = "<group>"; };
		CEF412D81F8EF0FD00C482DE /* Base */ = {isa = PBXFileReference; lastKnownFileType = file.storyboard; name = Base; path = Base.lproj/Main.storyboard; sourceTree = "<group>"; };
		CEF412DA1F8EF0FD00C482DE /* Assets.xcassets */ = {isa = PBXFileReference; lastKnownFileType = folder.assetcatalog; path = Assets.xcassets; sourceTree = "<group>"; };
		CEF412DD1F8EF0FD00C482DE /* Base */ = {isa = PBXFileReference; lastKnownFileType = file.storyboard; name = Base; path = Base.lproj/LaunchScreen.storyboard; sourceTree = "<group>"; };
		CEF412DF1F8EF0FD00C482DE /* Info.plist */ = {isa = PBXFileReference; lastKnownFileType = text.plist.xml; path = Info.plist; sourceTree = "<group>"; };
/* End PBXFileReference section */

/* Begin PBXFrameworksBuildPhase section */
		CEF412CD1F8EF0FD00C482DE /* Frameworks */ = {
			isa = PBXFrameworksBuildPhase;
			buildActionMask = 2147483647;
			files = (
			);
			runOnlyForDeploymentPostprocessing = 0;
		};
/* End PBXFrameworksBuildPhase section */

/* Begin PBXGroup section */
		CEF412C71F8EF0FD00C482DE = {
			isa = PBXGroup;
			children = (
				CEF412D21F8EF0FD00C482DE /* MapQuest */,
				CEF412D11F8EF0FD00C482DE /* Products */,
			);
			sourceTree = "<group>";
		};
		CEF412D11F8EF0FD00C482DE /* Products */ = {
			isa = PBXGroup;
			children = (
				CEF412D01F8EF0FD00C482DE /* MapQuest.app */,
			);
			name = Products;
			sourceTree = "<group>";
		};
		CEF412D21F8EF0FD00C482DE /* MapQuest */ = {
			isa = PBXGroup;
			children = (
				CEF412D31F8EF0FD00C482DE /* AppDelegate.swift */,
				CEF412D51F8EF0FD00C482DE /* ViewController.swift */,
				CEF412D71F8EF0FD00C482DE /* Main.storyboard */,
				CEF412DA1F8EF0FD00C482DE /* Assets.xcassets */,
				CEF412DC1F8EF0FD00C482DE /* LaunchScreen.storyboard */,
				CEF412DF1F8EF0FD00C482DE /* Info.plist */,
			);
			path = MapQuest;
			sourceTree = "<group>";
		};
/* End PBXGroup section */

/* Begin PBXNativeTarget section */
		CEF412CF1F8EF0FD00C482DE /* MapQuest */ = {
			isa = PBXNativeTarget;
			buildConfigurationList = CEF412E21F8EF0FD00C482DE /* Build configuration list for PBXNativeTarget "MapQuest" */;
			buildPhases = (
				CEF412CC1F8EF0FD00C482DE /* Sources */,
				CEF412CD1F8EF0FD00C482DE /* Frameworks */,
				CEF412CE1F8EF0FD00C482DE /* Resources */,
			);
			buildRules = (
			);
			dependencies = (
			);
			name = MapQuest;
			productName = MapQuest;
			productReference = CEF412D01F8EF0FD00C482DE /* MapQuest.app */;
			productType = "com.apple.product-type.application";
		};
/* End PBXNativeTarget section */

/* Begin PBXProject section */
		CEF412C81F8EF0FD00C482DE /* Project object */ = {
			isa = PBXProject;
			attributes = {
				LastSwiftUpdateCheck = 0900;
				LastUpgradeCheck = 0900;
				ORGANIZATIONNAME = "Mushaheed Kapadia";
				TargetAttributes = {
					CEF412CF1F8EF0FD00C482DE = {
						CreatedOnToolsVersion = 9.0;
						ProvisioningStyle = Automatic;
					};
				};
			};
			buildConfigurationList = CEF412CB1F8EF0FD00C482DE /* Build configuration list for PBXProject "MapQuest" */;
			compatibilityVersion = "Xcode 8.0";
			developmentRegion = en;
			hasScannedForEncodings = 0;
			knownRegions = (
				en,
				Base,
			);
			mainGroup = CEF412C71F8EF0FD00C482DE;
			productRefGroup = CEF412D11F8EF0FD00C482DE /* Products */;
			projectDirPath = "";
			projectRoot = "";
			targets = (
				CEF412CF1F8EF0FD00C482DE /* MapQuest */,
			);
		};
/* End PBXProject section */

/* Begin PBXResourcesBuildPhase section */
		CEF412CE1F8EF0FD00C482DE /* Resources */ = {
			isa = PBXResourcesBuildPhase;
			buildActionMask = 2147483647;
			files = (
				CEF412DE1F8EF0FD00C482DE /* LaunchScreen.storyboard in Resources */,
				CEF412DB1F8EF0FD00C482DE /* Assets.xcassets in Resources */,
				CEF412D91F8EF0FD00C482DE /* Main.storyboard in Resources */,
			);
			runOnlyForDeploymentPostprocessing = 0;
		};
/* End PBXResourcesBuildPhase section */

/* Begin PBXSourcesBuildPhase section */
		CEF412CC1F8EF0FD00C482DE /* Sources */ = {
			isa = PBXSourcesBuildPhase;
			buildActionMask = 2147483647;
			files = (
				CEF412D61F8EF0FD00C482DE /* ViewController.swift in Sources */,
				CEF412D41F8EF0FD00C482DE /* AppDelegate.swift in Sources */,
			);
			runOnlyForDeploymentPostprocessing = 0;
		};
/* End PBXSourcesBuildPhase section */

/* Begin PBXVariantGroup section */
		CEF412D71F8EF0FD00C482DE /* Main.storyboard */ = {
			isa = PBXVariantGroup;
			children = (
				CEF412D81F8EF0FD00C482DE /* Base */,
			);
			name = Main.storyboard;
			sourceTree = "<group>";
		};
		CEF412DC1F8EF0FD00C482DE /* LaunchScreen.storyboard */ = {
			isa = PBXVariantGroup;
			children = (
				CEF412DD1F8EF0FD00C482DE /* Base */,
			);
			name = LaunchScreen.storyboard;
			sourceTree = "<group>";
		};
/* End PBXVariantGroup section */

/* Begin XCBuildConfiguration section */
		CEF412E01F8EF0FD00C482DE /* Debug */ = {
			isa = XCBuildConfiguration;
			buildSettings = {
				ALWAYS_SEARCH_USER_PATHS = NO;
				CLANG_ANALYZER_NONNULL = YES;
				CLANG_ANALYZER_NUMBER_OBJECT_CONVERSION = YES_AGGRESSIVE;
				CLANG_CXX_LANGUAGE_STANDARD = "gnu++14";
				CLANG_CXX_LIBRARY = "libc++";
				CLANG_ENABLE_MODULES = YES;
				CLANG_ENABLE_OBJC_ARC = YES;
				CLANG_WARN_BLOCK_CAPTURE_AUTORELEASING = YES;
				CLANG_WARN_BOOL_CONVERSION = YES;
				CLANG_WARN_COMMA = YES;
				CLANG_WARN_CONSTANT_CONVERSION = YES;
				CLANG_WARN_DIRECT_OBJC_ISA_USAGE = YES_ERROR;
				CLANG_WARN_DOCUMENTATION_COMMENTS = YES;
				CLANG_WARN_EMPTY_BODY = YES;
				CLANG_WARN_ENUM_CONVERSION = YES;
				CLANG_WARN_INFINITE_RECURSION = YES;
				CLANG_WARN_INT_CONVERSION = YES;
				CLANG_WARN_NON_LITERAL_NULL_CONVERSION = YES;
				CLANG_WARN_OBJC_LITERAL_CONVERSION = YES;
				CLANG_WARN_OBJC_ROOT_CLASS = YES_ERROR;
				CLANG_WARN_RANGE_LOOP_ANALYSIS = YES;
				CLANG_WARN_STRICT_PROTOTYPES = YES;
				CLANG_WARN_SUSPICIOUS_MOVE = YES;
				CLANG_WARN_UNGUARDED_AVAILABILITY = YES_AGGRESSIVE;
				CLANG_WARN_UNREACHABLE_CODE = YES;
				CLANG_WARN__DUPLICATE_METHOD_MATCH = YES;
				CODE_SIGN_IDENTITY = "iPhone Developer";
				COPY_PHASE_STRIP = NO;
				DEBUG_INFORMATION_FORMAT = dwarf;
				ENABLE_STRICT_OBJC_MSGSEND = YES;
				ENABLE_TESTABILITY = YES;
				GCC_C_LANGUAGE_STANDARD = gnu11;
				GCC_DYNAMIC_NO_PIC = NO;
				GCC_NO_COMMON_BLOCKS = YES;
				GCC_OPTIMIZATION_LEVEL = 0;
				GCC_PREPROCESSOR_DEFINITIONS = (
					"DEBUG=1",
					"$(inherited)",
				);
				GCC_WARN_64_TO_32_BIT_CONVERSION = YES;
				GCC_WARN_ABOUT_RETURN_TYPE = YES_ERROR;
				GCC_WARN_UNDECLARED_SELECTOR = YES;
				GCC_WARN_UNINITIALIZED_AUTOS = YES_AGGRESSIVE;
				GCC_WARN_UNUSED_FUNCTION = YES;
				GCC_WARN_UNUSED_VARIABLE = YES;
				IPHONEOS_DEPLOYMENT_TARGET = 11.0;
				MTL_ENABLE_DEBUG_INFO = YES;
				ONLY_ACTIVE_ARCH = YES;
				SDKROOT = iphoneos;
				SWIFT_ACTIVE_COMPILATION_CONDITIONS = DEBUG;
				SWIFT_OPTIMIZATION_LEVEL = "-Onone";
			};
			name = Debug;
		};
		CEF412E11F8EF0FD00C482DE /* Release */ = {
			isa = XCBuildConfiguration;
			buildSettings = {
				ALWAYS_SEARCH_USER_PATHS = NO;
				CLANG_ANALYZER_NONNULL = YES;
				CLANG_ANALYZER_NUMBER_OBJECT_CONVERSION = YES_AGGRESSIVE;
				CLANG_CXX_LANGUAGE_STANDARD = "gnu++14";
				CLANG_CXX_LIBRARY = "libc++";
				CLANG_ENABLE_MODULES = YES;
				CLANG_ENABLE_OBJC_ARC = YES;
				CLANG_WARN_BLOCK_CAPTURE_AUTORELEASING = YES;
				CLANG_WARN_BOOL_CONVERSION = YES;
				CLANG_WARN_COMMA = YES;
				CLANG_WARN_CONSTANT_CONVERSION = YES;
				CLANG_WARN_DIRECT_OBJC_ISA_USAGE = YES_ERROR;
				CLANG_WARN_DOCUMENTATION_COMMENTS = YES;
				CLANG_WARN_EMPTY_BODY = YES;
				CLANG_WARN_ENUM_CONVERSION = YES;
				CLANG_WARN_INFINITE_RECURSION = YES;
				CLANG_WARN_INT_CONVERSION = YES;
				CLANG_WARN_NON_LITERAL_NULL_CONVERSION = YES;
				CLANG_WARN_OBJC_LITERAL_CONVERSION = YES;
				CLANG_WARN_OBJC_ROOT_CLASS = YES_ERROR;
				CLANG_WARN_RANGE_LOOP_ANALYSIS = YES;
				CLANG_WARN_STRICT_PROTOTYPES = YES;
				CLANG_WARN_SUSPICIOUS_MOVE = YES;
				CLANG_WARN_UNGUARDED_AVAILABILITY = YES_AGGRESSIVE;
				CLANG_WARN_UNREACHABLE_CODE = YES;
				CLANG_WARN__DUPLICATE_METHOD_MATCH = YES;
				CODE_SIGN_IDENTITY = "iPhone Developer";
				COPY_PHASE_STRIP = NO;
				DEBUG_INFORMATION_FORMAT = "dwarf-with-dsym";
				ENABLE_NS_ASSERTIONS = NO;
				ENABLE_STRICT_OBJC_MSGSEND = YES;
				GCC_C_LANGUAGE_STANDARD = gnu11;
				GCC_NO_COMMON_BLOCKS = YES;
				GCC_WARN_64_TO_32_BIT_CONVERSION = YES;
				GCC_WARN_ABOUT_RETURN_TYPE = YES_ERROR;
				GCC_WARN_UNDECLARED_SELECTOR = YES;
				GCC_WARN_UNINITIALIZED_AUTOS = YES_AGGRESSIVE;
				GCC_WARN_UNUSED_FUNCTION = YES;
				GCC_WARN_UNUSED_VARIABLE = YES;
				IPHONEOS_DEPLOYMENT_TARGET = 11.0;
				MTL_ENABLE_DEBUG_INFO = NO;
				SDKROOT = iphoneos;
				SWIFT_OPTIMIZATION_LEVEL = "-Owholemodule";
				VALIDATE_PRODUCT = YES;
			};
			name = Release;
		};
		CEF412E31F8EF0FD00C482DE /* Debug */ = {
			isa = XCBuildConfiguration;
			buildSettings = {
				ASSETCATALOG_COMPILER_APPICON_NAME = AppIcon;
				CODE_SIGN_STYLE = Automatic;
				DEVELOPMENT_TEAM = GR9523NYL4;
				INFOPLIST_FILE = MapQuest/Info.plist;
				LD_RUNPATH_SEARCH_PATHS = "$(inherited) @executable_path/Frameworks";
				PRODUCT_BUNDLE_IDENTIFIER = com.questmakers.MapQuest;
				PRODUCT_NAME = "$(TARGET_NAME)";
				SWIFT_VERSION = 4.0;
				TARGETED_DEVICE_FAMILY = "1,2";
			};
			name = Debug;
		};
		CEF412E41F8EF0FD00C482DE /* Release */ = {
			isa = XCBuildConfiguration;
			buildSettings = {
				ASSETCATALOG_COMPILER_APPICON_NAME = AppIcon;
				CODE_SIGN_STYLE = Automatic;
				DEVELOPMENT_TEAM = GR9523NYL4;
				INFOPLIST_FILE = MapQuest/Info.plist;
				LD_RUNPATH_SEARCH_PATHS = "$(inherited) @executable_path/Frameworks";
				PRODUCT_BUNDLE_IDENTIFIER = com.questmakers.MapQuest;
				PRODUCT_NAME = "$(TARGET_NAME)";
				SWIFT_VERSION = 4.0;
				TARGETED_DEVICE_FAMILY = "1,2";
			};
			name = Release;
		};
/* End XCBuildConfiguration section */

/* Begin XCConfigurationList section */
		CEF412CB1F8EF0FD00C482DE /* Build configuration list for PBXProject "MapQuest" */ = {
			isa = XCConfigurationList;
			buildConfigurations = (
				CEF412E01F8EF0FD00C482DE /* Debug */,
				CEF412E11F8EF0FD00C482DE /* Release */,
			);
			defaultConfigurationIsVisible = 0;
			defaultConfigurationName = Release;
		};
		CEF412E21F8EF0FD00C482DE /* Build configuration list for PBXNativeTarget "MapQuest" */ = {
			isa = XCConfigurationList;
			buildConfigurations = (
				CEF412E31F8EF0FD00C482DE /* Debug */,
				CEF412E41F8EF0FD00C482DE /* Release */,
			);
			defaultConfigurationIsVisible = 0;
			defaultConfigurationName = Release;
		};
/* End XCConfigurationList section */
	};
	rootObject = CEF412C81F8EF0FD00C482DE /* Project object */;
}
