// !$*UTF8*$!
{
	archiveVersion = 1;
	classes = {
	};
	objectVersion = 48;
	objects = {

/* Begin PBXBuildFile section */
		457FB6351F93126300AFE609 /* Clue.swift in Sources */ = {isa = PBXBuildFile; fileRef = 457FB6341F93126200AFE609 /* Clue.swift */; };
		457FB6371F93141F00AFE609 /* NewClueViewController.swift in Sources */ = {isa = PBXBuildFile; fileRef = 457FB6361F93141F00AFE609 /* NewClueViewController.swift */; };
		458ECF031F92D68700C78FF1 /* QuestDetailsViewController.swift in Sources */ = {isa = PBXBuildFile; fileRef = 458ECF021F92D68700C78FF1 /* QuestDetailsViewController.swift */; };
		458ECF051F92E86800C78FF1 /* CreateQuestViewController.swift in Sources */ = {isa = PBXBuildFile; fileRef = 458ECF041F92E86800C78FF1 /* CreateQuestViewController.swift */; };
		4591D7711F90AFB800BD7DA5 /* BurgerViewController.swift in Sources */ = {isa = PBXBuildFile; fileRef = 4591D7701F90AFB700BD7DA5 /* BurgerViewController.swift */; };
		4591D7731F90AFEE00BD7DA5 /* MenuViewController.swift in Sources */ = {isa = PBXBuildFile; fileRef = 4591D7721F90AFEE00BD7DA5 /* MenuViewController.swift */; };
		4591D7751F90B44700BD7DA5 /* MenuItemTableViewCell.swift in Sources */ = {isa = PBXBuildFile; fileRef = 4591D7741F90B44700BD7DA5 /* MenuItemTableViewCell.swift */; };
		45CBBDB81FA16FC8007FA33B /* CluePrimeViewController.swift in Sources */ = {isa = PBXBuildFile; fileRef = 45CBBDB71FA16FC8007FA33B /* CluePrimeViewController.swift */; };
		45CBBDBA1FA17063007FA33B /* ClueFooterView.swift in Sources */ = {isa = PBXBuildFile; fileRef = 45CBBDB91FA17063007FA33B /* ClueFooterView.swift */; };
		45CBBDBC1FA17074007FA33B /* ClueFooterView.xib in Resources */ = {isa = PBXBuildFile; fileRef = 45CBBDBB1FA17074007FA33B /* ClueFooterView.xib */; };
		45CBBDBF1FA1724F007FA33B /* TextClueCell.swift in Sources */ = {isa = PBXBuildFile; fileRef = 45CBBDBD1FA1724F007FA33B /* TextClueCell.swift */; };
		45CBBDC01FA1724F007FA33B /* TextClueCell.xib in Resources */ = {isa = PBXBuildFile; fileRef = 45CBBDBE1FA1724F007FA33B /* TextClueCell.xib */; };
		45DA73871FA5621F009F3D4F /* GeoLocationTableViewCell.swift in Sources */ = {isa = PBXBuildFile; fileRef = 45DA73851FA5621F009F3D4F /* GeoLocationTableViewCell.swift */; };
		45DA73881FA5621F009F3D4F /* GeoLocationTableViewCell.xib in Resources */ = {isa = PBXBuildFile; fileRef = 45DA73861FA5621F009F3D4F /* GeoLocationTableViewCell.xib */; };
		45DC48461FA53D3A005A0AF5 /* PhotoHintTableViewCell.swift in Sources */ = {isa = PBXBuildFile; fileRef = 45DC48441FA53D3A005A0AF5 /* PhotoHintTableViewCell.swift */; };
		45DC48471FA53D3A005A0AF5 /* PhotoHintTableViewCell.xib in Resources */ = {isa = PBXBuildFile; fileRef = 45DC48451FA53D3A005A0AF5 /* PhotoHintTableViewCell.xib */; };
		45E79F2D1F92B384007AD6DE /* QuestTableViewCell.swift in Sources */ = {isa = PBXBuildFile; fileRef = 45E79F2C1F92B384007AD6DE /* QuestTableViewCell.swift */; };
		45E79F2F1F92B39F007AD6DE /* QuestListViewController.swift in Sources */ = {isa = PBXBuildFile; fileRef = 45E79F2E1F92B39F007AD6DE /* QuestListViewController.swift */; };
		45E79F311F92B4E2007AD6DE /* Quest.swift in Sources */ = {isa = PBXBuildFile; fileRef = 45E79F301F92B4E2007AD6DE /* Quest.swift */; };
		45E79F341F92B555007AD6DE /* MapQuestClient.swift in Sources */ = {isa = PBXBuildFile; fileRef = 45E79F331F92B555007AD6DE /* MapQuestClient.swift */; };
		CEF412D41F8EF0FD00C482DE /* AppDelegate.swift in Sources */ = {isa = PBXBuildFile; fileRef = CEF412D31F8EF0FD00C482DE /* AppDelegate.swift */; };
		CEF412D91F8EF0FD00C482DE /* Main.storyboard in Resources */ = {isa = PBXBuildFile; fileRef = CEF412D71F8EF0FD00C482DE /* Main.storyboard */; };
		CEF412DB1F8EF0FD00C482DE /* Assets.xcassets in Resources */ = {isa = PBXBuildFile; fileRef = CEF412DA1F8EF0FD00C482DE /* Assets.xcassets */; };
		CEF412DE1F8EF0FD00C482DE /* LaunchScreen.storyboard in Resources */ = {isa = PBXBuildFile; fileRef = CEF412DC1F8EF0FD00C482DE /* LaunchScreen.storyboard */; };
		D06F29AD1F9414CF0076C85B /* PlayClueViewController.swift in Sources */ = {isa = PBXBuildFile; fileRef = D06F29AC1F9414CF0076C85B /* PlayClueViewController.swift */; };
		D074D8341F906F3D00B660C4 /* ScreenStage.swift in Sources */ = {isa = PBXBuildFile; fileRef = D074D8331F906F3D00B660C4 /* ScreenStage.swift */; };
		D07DE5C11F99A15100C1CE71 /* Hint.swift in Sources */ = {isa = PBXBuildFile; fileRef = D07DE5C01F99A15100C1CE71 /* Hint.swift */; };
		D0FC2D781F9D24D90082D772 /* LocationPickerViewController.swift in Sources */ = {isa = PBXBuildFile; fileRef = D0FC2D771F9D24D90082D772 /* LocationPickerViewController.swift */; };
		E100F71BBC22E4A2792EABED /* Pods_MapQuest.framework in Frameworks */ = {isa = PBXBuildFile; fileRef = 229864BDA1D58B39AA8AAC25 /* Pods_MapQuest.framework */; };
/* End PBXBuildFile section */

/* Begin PBXFileReference section */
		229864BDA1D58B39AA8AAC25 /* Pods_MapQuest.framework */ = {isa = PBXFileReference; explicitFileType = wrapper.framework; includeInIndex = 0; path = Pods_MapQuest.framework; sourceTree = BUILT_PRODUCTS_DIR; };
		457FB6341F93126200AFE609 /* Clue.swift */ = {isa = PBXFileReference; lastKnownFileType = sourcecode.swift; path = Clue.swift; sourceTree = "<group>"; };
		457FB6361F93141F00AFE609 /* NewClueViewController.swift */ = {isa = PBXFileReference; lastKnownFileType = sourcecode.swift; path = NewClueViewController.swift; sourceTree = "<group>"; };
		458ECF021F92D68700C78FF1 /* QuestDetailsViewController.swift */ = {isa = PBXFileReference; lastKnownFileType = sourcecode.swift; path = QuestDetailsViewController.swift; sourceTree = "<group>"; };
		458ECF041F92E86800C78FF1 /* CreateQuestViewController.swift */ = {isa = PBXFileReference; lastKnownFileType = sourcecode.swift; path = CreateQuestViewController.swift; sourceTree = "<group>"; };
		4591D7701F90AFB700BD7DA5 /* BurgerViewController.swift */ = {isa = PBXFileReference; lastKnownFileType = sourcecode.swift; path = BurgerViewController.swift; sourceTree = "<group>"; };
		4591D7721F90AFEE00BD7DA5 /* MenuViewController.swift */ = {isa = PBXFileReference; lastKnownFileType = sourcecode.swift; path = MenuViewController.swift; sourceTree = "<group>"; };
		4591D7741F90B44700BD7DA5 /* MenuItemTableViewCell.swift */ = {isa = PBXFileReference; lastKnownFileType = sourcecode.swift; path = MenuItemTableViewCell.swift; sourceTree = "<group>"; };
		45CBBDB71FA16FC8007FA33B /* CluePrimeViewController.swift */ = {isa = PBXFileReference; lastKnownFileType = sourcecode.swift; path = CluePrimeViewController.swift; sourceTree = "<group>"; };
		45CBBDB91FA17063007FA33B /* ClueFooterView.swift */ = {isa = PBXFileReference; lastKnownFileType = sourcecode.swift; path = ClueFooterView.swift; sourceTree = "<group>"; };
		45CBBDBB1FA17074007FA33B /* ClueFooterView.xib */ = {isa = PBXFileReference; lastKnownFileType = file.xib; path = ClueFooterView.xib; sourceTree = "<group>"; };
		45CBBDBD1FA1724F007FA33B /* TextClueCell.swift */ = {isa = PBXFileReference; lastKnownFileType = sourcecode.swift; path = TextClueCell.swift; sourceTree = "<group>"; };
		45CBBDBE1FA1724F007FA33B /* TextClueCell.xib */ = {isa = PBXFileReference; lastKnownFileType = file.xib; path = TextClueCell.xib; sourceTree = "<group>"; };
		45DA73851FA5621F009F3D4F /* GeoLocationTableViewCell.swift */ = {isa = PBXFileReference; lastKnownFileType = sourcecode.swift; path = GeoLocationTableViewCell.swift; sourceTree = "<group>"; };
		45DA73861FA5621F009F3D4F /* GeoLocationTableViewCell.xib */ = {isa = PBXFileReference; lastKnownFileType = file.xib; path = GeoLocationTableViewCell.xib; sourceTree = "<group>"; };
		45DC48441FA53D3A005A0AF5 /* PhotoHintTableViewCell.swift */ = {isa = PBXFileReference; lastKnownFileType = sourcecode.swift; path = PhotoHintTableViewCell.swift; sourceTree = "<group>"; };
		45DC48451FA53D3A005A0AF5 /* PhotoHintTableViewCell.xib */ = {isa = PBXFileReference; lastKnownFileType = file.xib; path = PhotoHintTableViewCell.xib; sourceTree = "<group>"; };
		45E79F2C1F92B384007AD6DE /* QuestTableViewCell.swift */ = {isa = PBXFileReference; lastKnownFileType = sourcecode.swift; path = QuestTableViewCell.swift; sourceTree = "<group>"; };
		45E79F2E1F92B39F007AD6DE /* QuestListViewController.swift */ = {isa = PBXFileReference; lastKnownFileType = sourcecode.swift; path = QuestListViewController.swift; sourceTree = "<group>"; };
		45E79F301F92B4E2007AD6DE /* Quest.swift */ = {isa = PBXFileReference; lastKnownFileType = sourcecode.swift; path = Quest.swift; sourceTree = "<group>"; };
		45E79F331F92B555007AD6DE /* MapQuestClient.swift */ = {isa = PBXFileReference; lastKnownFileType = sourcecode.swift; path = MapQuestClient.swift; sourceTree = "<group>"; };
		70A8A63EE59050F45042E8AF /* Pods-MapQuest.debug.xcconfig */ = {isa = PBXFileReference; includeInIndex = 1; lastKnownFileType = text.xcconfig; name = "Pods-MapQuest.debug.xcconfig"; path = "Pods/Target Support Files/Pods-MapQuest/Pods-MapQuest.debug.xcconfig"; sourceTree = "<group>"; };
		76AD5C604864162296DF2EBD /* Pods-MapQuest.release.xcconfig */ = {isa = PBXFileReference; includeInIndex = 1; lastKnownFileType = text.xcconfig; name = "Pods-MapQuest.release.xcconfig"; path = "Pods/Target Support Files/Pods-MapQuest/Pods-MapQuest.release.xcconfig"; sourceTree = "<group>"; };
		CEF412D01F8EF0FD00C482DE /* MapQuest.app */ = {isa = PBXFileReference; explicitFileType = wrapper.application; includeInIndex = 0; path = MapQuest.app; sourceTree = BUILT_PRODUCTS_DIR; };
		CEF412D31F8EF0FD00C482DE /* AppDelegate.swift */ = {isa = PBXFileReference; lastKnownFileType = sourcecode.swift; path = AppDelegate.swift; sourceTree = "<group>"; };
		CEF412D81F8EF0FD00C482DE /* Base */ = {isa = PBXFileReference; lastKnownFileType = file.storyboard; name = Base; path = Base.lproj/Main.storyboard; sourceTree = "<group>"; };
		CEF412DA1F8EF0FD00C482DE /* Assets.xcassets */ = {isa = PBXFileReference; lastKnownFileType = folder.assetcatalog; path = Assets.xcassets; sourceTree = "<group>"; };
		CEF412DD1F8EF0FD00C482DE /* Base */ = {isa = PBXFileReference; lastKnownFileType = file.storyboard; name = Base; path = Base.lproj/LaunchScreen.storyboard; sourceTree = "<group>"; };
		CEF412DF1F8EF0FD00C482DE /* Info.plist */ = {isa = PBXFileReference; lastKnownFileType = text.plist.xml; path = Info.plist; sourceTree = "<group>"; };
		D06F29AC1F9414CF0076C85B /* PlayClueViewController.swift */ = {isa = PBXFileReference; lastKnownFileType = sourcecode.swift; path = PlayClueViewController.swift; sourceTree = "<group>"; };
		D074D8331F906F3D00B660C4 /* ScreenStage.swift */ = {isa = PBXFileReference; lastKnownFileType = sourcecode.swift; path = ScreenStage.swift; sourceTree = "<group>"; };
		D07DE5C01F99A15100C1CE71 /* Hint.swift */ = {isa = PBXFileReference; lastKnownFileType = sourcecode.swift; path = Hint.swift; sourceTree = "<group>"; };
		D0FC2D771F9D24D90082D772 /* LocationPickerViewController.swift */ = {isa = PBXFileReference; lastKnownFileType = sourcecode.swift; path = LocationPickerViewController.swift; sourceTree = "<group>"; };
/* End PBXFileReference section */

/* Begin PBXFrameworksBuildPhase section */
		CEF412CD1F8EF0FD00C482DE /* Frameworks */ = {
			isa = PBXFrameworksBuildPhase;
			buildActionMask = 2147483647;
			files = (
				E100F71BBC22E4A2792EABED /* Pods_MapQuest.framework in Frameworks */,
			);
			runOnlyForDeploymentPostprocessing = 0;
		};
/* End PBXFrameworksBuildPhase section */

/* Begin PBXGroup section */
		4591D76A1F90AE2A00BD7DA5 /* View Controllers */ = {
			isa = PBXGroup;
			children = (
				45CBBDB71FA16FC8007FA33B /* CluePrimeViewController.swift */,
				458ECF021F92D68700C78FF1 /* QuestDetailsViewController.swift */,
				45E79F2E1F92B39F007AD6DE /* QuestListViewController.swift */,
				4591D7721F90AFEE00BD7DA5 /* MenuViewController.swift */,
				4591D7701F90AFB700BD7DA5 /* BurgerViewController.swift */,
				458ECF041F92E86800C78FF1 /* CreateQuestViewController.swift */,
				457FB6361F93141F00AFE609 /* NewClueViewController.swift */,
				D06F29AC1F9414CF0076C85B /* PlayClueViewController.swift */,
				D0FC2D771F9D24D90082D772 /* LocationPickerViewController.swift */,
			);
			path = "View Controllers";
			sourceTree = "<group>";
		};
		4591D76B1F90AE3500BD7DA5 /* Views */ = {
			isa = PBXGroup;
			children = (
				45DA73851FA5621F009F3D4F /* GeoLocationTableViewCell.swift */,
				45DA73861FA5621F009F3D4F /* GeoLocationTableViewCell.xib */,
				45DC48441FA53D3A005A0AF5 /* PhotoHintTableViewCell.swift */,
				45DC48451FA53D3A005A0AF5 /* PhotoHintTableViewCell.xib */,
				45CBBDB91FA17063007FA33B /* ClueFooterView.swift */,
				45CBBDBB1FA17074007FA33B /* ClueFooterView.xib */,
				45E79F2C1F92B384007AD6DE /* QuestTableViewCell.swift */,
				4591D7741F90B44700BD7DA5 /* MenuItemTableViewCell.swift */,
				45CBBDBD1FA1724F007FA33B /* TextClueCell.swift */,
				45CBBDBE1FA1724F007FA33B /* TextClueCell.xib */,
			);
			path = Views;
			sourceTree = "<group>";
		};
		45E79F321F92B50A007AD6DE /* API Clients */ = {
			isa = PBXGroup;
			children = (
				45E79F331F92B555007AD6DE /* MapQuestClient.swift */,
			);
			path = "API Clients";
			sourceTree = "<group>";
		};
		52E093277FCA074CE5EBB462 /* Frameworks */ = {
			isa = PBXGroup;
			children = (
				229864BDA1D58B39AA8AAC25 /* Pods_MapQuest.framework */,
			);
			name = Frameworks;
			sourceTree = "<group>";
		};
		CEF412C71F8EF0FD00C482DE = {
			isa = PBXGroup;
			children = (
				CEF412D21F8EF0FD00C482DE /* MapQuest */,
				CEF412D11F8EF0FD00C482DE /* Products */,
				E84B6478CC553F9C51F73114 /* Pods */,
				52E093277FCA074CE5EBB462 /* Frameworks */,
			);
			sourceTree = "<group>";
		};
		CEF412D11F8EF0FD00C482DE /* Products */ = {
			isa = PBXGroup;
			children = (
				CEF412D01F8EF0FD00C482DE /* MapQuest.app */,
			);
			name = Products;
			sourceTree = "<group>";
		};
		CEF412D21F8EF0FD00C482DE /* MapQuest */ = {
			isa = PBXGroup;
			children = (
				45E79F321F92B50A007AD6DE /* API Clients */,
				4591D76B1F90AE3500BD7DA5 /* Views */,
				4591D76A1F90AE2A00BD7DA5 /* View Controllers */,
				D074D82C1F906E8800B660C4 /* Models */,
				CEF412D31F8EF0FD00C482DE /* AppDelegate.swift */,
				CEF412DC1F8EF0FD00C482DE /* LaunchScreen.storyboard */,
				CEF412D71F8EF0FD00C482DE /* Main.storyboard */,
				CEF412DA1F8EF0FD00C482DE /* Assets.xcassets */,
				CEF412DF1F8EF0FD00C482DE /* Info.plist */,
			);
			path = MapQuest;
			sourceTree = "<group>";
		};
		D074D82C1F906E8800B660C4 /* Models */ = {
			isa = PBXGroup;
			children = (
				457FB6341F93126200AFE609 /* Clue.swift */,
				45E79F301F92B4E2007AD6DE /* Quest.swift */,
				D074D8331F906F3D00B660C4 /* ScreenStage.swift */,
				D07DE5C01F99A15100C1CE71 /* Hint.swift */,
			);
			path = Models;
			sourceTree = "<group>";
		};
		E84B6478CC553F9C51F73114 /* Pods */ = {
			isa = PBXGroup;
			children = (
				70A8A63EE59050F45042E8AF /* Pods-MapQuest.debug.xcconfig */,
				76AD5C604864162296DF2EBD /* Pods-MapQuest.release.xcconfig */,
			);
			name = Pods;
			sourceTree = "<group>";
		};
/* End PBXGroup section */

/* Begin PBXNativeTarget section */
		CEF412CF1F8EF0FD00C482DE /* MapQuest */ = {
			isa = PBXNativeTarget;
			buildConfigurationList = CEF412E21F8EF0FD00C482DE /* Build configuration list for PBXNativeTarget "MapQuest" */;
			buildPhases = (
				730A3C01E863912255348F02 /* [CP] Check Pods Manifest.lock */,
				CEF412CC1F8EF0FD00C482DE /* Sources */,
				CEF412CD1F8EF0FD00C482DE /* Frameworks */,
				CEF412CE1F8EF0FD00C482DE /* Resources */,
				3DD6CB22542DEF788FC0EEC4 /* [CP] Embed Pods Frameworks */,
				C6355C73F8F2F60FCD364439 /* [CP] Copy Pods Resources */,
			);
			buildRules = (
			);
			dependencies = (
			);
			name = MapQuest;
			productName = MapQuest;
			productReference = CEF412D01F8EF0FD00C482DE /* MapQuest.app */;
			productType = "com.apple.product-type.application";
		};
/* End PBXNativeTarget section */

/* Begin PBXProject section */
		CEF412C81F8EF0FD00C482DE /* Project object */ = {
			isa = PBXProject;
			attributes = {
				LastSwiftUpdateCheck = 0900;
				LastUpgradeCheck = 0900;
				ORGANIZATIONNAME = "Mushaheed Kapadia";
				TargetAttributes = {
					CEF412CF1F8EF0FD00C482DE = {
						CreatedOnToolsVersion = 9.0;
						ProvisioningStyle = Automatic;
					};
				};
			};
			buildConfigurationList = CEF412CB1F8EF0FD00C482DE /* Build configuration list for PBXProject "MapQuest" */;
			compatibilityVersion = "Xcode 8.0";
			developmentRegion = en;
			hasScannedForEncodings = 0;
			knownRegions = (
				en,
				Base,
			);
			mainGroup = CEF412C71F8EF0FD00C482DE;
			productRefGroup = CEF412D11F8EF0FD00C482DE /* Products */;
			projectDirPath = "";
			projectRoot = "";
			targets = (
				CEF412CF1F8EF0FD00C482DE /* MapQuest */,
			);
		};
/* End PBXProject section */

/* Begin PBXResourcesBuildPhase section */
		CEF412CE1F8EF0FD00C482DE /* Resources */ = {
			isa = PBXResourcesBuildPhase;
			buildActionMask = 2147483647;
			files = (
				CEF412DE1F8EF0FD00C482DE /* LaunchScreen.storyboard in Resources */,
				CEF412DB1F8EF0FD00C482DE /* Assets.xcassets in Resources */,
				45CBBDBC1FA17074007FA33B /* ClueFooterView.xib in Resources */,
				CEF412D91F8EF0FD00C482DE /* Main.storyboard in Resources */,
				45CBBDC01FA1724F007FA33B /* TextClueCell.xib in Resources */,
				45DC48471FA53D3A005A0AF5 /* PhotoHintTableViewCell.xib in Resources */,
				45DA73881FA5621F009F3D4F /* GeoLocationTableViewCell.xib in Resources */,
			);
			runOnlyForDeploymentPostprocessing = 0;
		};
/* End PBXResourcesBuildPhase section */

/* Begin PBXShellScriptBuildPhase section */
		3DD6CB22542DEF788FC0EEC4 /* [CP] Embed Pods Frameworks */ = {
			isa = PBXShellScriptBuildPhase;
			buildActionMask = 2147483647;
			files = (
			);
			inputPaths = (
				"${SRCROOT}/Pods/Target Support Files/Pods-MapQuest/Pods-MapQuest-frameworks.sh",
				"${BUILT_PRODUCTS_DIR}/Bolts/Bolts.framework",
				"${BUILT_PRODUCTS_DIR}/Parse/Parse.framework",
				"${BUILT_PRODUCTS_DIR}/ParseUI/ParseUI.framework",
				"${BUILT_PRODUCTS_DIR}/SDCAlertView/SDCAlertView.framework",
			);
			name = "[CP] Embed Pods Frameworks";
			outputPaths = (
				"${TARGET_BUILD_DIR}/${FRAMEWORKS_FOLDER_PATH}/Bolts.framework",
				"${TARGET_BUILD_DIR}/${FRAMEWORKS_FOLDER_PATH}/Parse.framework",
				"${TARGET_BUILD_DIR}/${FRAMEWORKS_FOLDER_PATH}/ParseUI.framework",
				"${TARGET_BUILD_DIR}/${FRAMEWORKS_FOLDER_PATH}/SDCAlertView.framework",
			);
			runOnlyForDeploymentPostprocessing = 0;
			shellPath = /bin/sh;
			shellScript = "\"${SRCROOT}/Pods/Target Support Files/Pods-MapQuest/Pods-MapQuest-frameworks.sh\"\n";
			showEnvVarsInLog = 0;
		};
		730A3C01E863912255348F02 /* [CP] Check Pods Manifest.lock */ = {
			isa = PBXShellScriptBuildPhase;
			buildActionMask = 2147483647;
			files = (
			);
			inputPaths = (
				"${PODS_PODFILE_DIR_PATH}/Podfile.lock",
				"${PODS_ROOT}/Manifest.lock",
			);
			name = "[CP] Check Pods Manifest.lock";
			outputPaths = (
				"$(DERIVED_FILE_DIR)/Pods-MapQuest-checkManifestLockResult.txt",
			);
			runOnlyForDeploymentPostprocessing = 0;
			shellPath = /bin/sh;
			shellScript = "diff \"${PODS_PODFILE_DIR_PATH}/Podfile.lock\" \"${PODS_ROOT}/Manifest.lock\" > /dev/null\nif [ $? != 0 ] ; then\n    # print error to STDERR\n    echo \"error: The sandbox is not in sync with the Podfile.lock. Run 'pod install' or update your CocoaPods installation.\" >&2\n    exit 1\nfi\n# This output is used by Xcode 'outputs' to avoid re-running this script phase.\necho \"SUCCESS\" > \"${SCRIPT_OUTPUT_FILE_0}\"\n";
			showEnvVarsInLog = 0;
		};
		C6355C73F8F2F60FCD364439 /* [CP] Copy Pods Resources */ = {
			isa = PBXShellScriptBuildPhase;
			buildActionMask = 2147483647;
			files = (
			);
			inputPaths = (
			);
			name = "[CP] Copy Pods Resources";
			outputPaths = (
			);
			runOnlyForDeploymentPostprocessing = 0;
			shellPath = /bin/sh;
			shellScript = "\"${SRCROOT}/Pods/Target Support Files/Pods-MapQuest/Pods-MapQuest-resources.sh\"\n";
			showEnvVarsInLog = 0;
		};
/* End PBXShellScriptBuildPhase section */

/* Begin PBXSourcesBuildPhase section */
		CEF412CC1F8EF0FD00C482DE /* Sources */ = {
			isa = PBXSourcesBuildPhase;
			buildActionMask = 2147483647;
			files = (
				D07DE5C11F99A15100C1CE71 /* Hint.swift in Sources */,
				4591D7711F90AFB800BD7DA5 /* BurgerViewController.swift in Sources */,
				D06F29AD1F9414CF0076C85B /* PlayClueViewController.swift in Sources */,
				458ECF051F92E86800C78FF1 /* CreateQuestViewController.swift in Sources */,
				45CBBDBA1FA17063007FA33B /* ClueFooterView.swift in Sources */,
				45E79F341F92B555007AD6DE /* MapQuestClient.swift in Sources */,
				457FB6371F93141F00AFE609 /* NewClueViewController.swift in Sources */,
				45DC48461FA53D3A005A0AF5 /* PhotoHintTableViewCell.swift in Sources */,
				45E79F2D1F92B384007AD6DE /* QuestTableViewCell.swift in Sources */,
				45DA73871FA5621F009F3D4F /* GeoLocationTableViewCell.swift in Sources */,
				45E79F311F92B4E2007AD6DE /* Quest.swift in Sources */,
				45CBBDBF1FA1724F007FA33B /* TextClueCell.swift in Sources */,
				4591D7751F90B44700BD7DA5 /* MenuItemTableViewCell.swift in Sources */,
				D074D8341F906F3D00B660C4 /* ScreenStage.swift in Sources */,
				45E79F2F1F92B39F007AD6DE /* QuestListViewController.swift in Sources */,
				458ECF031F92D68700C78FF1 /* QuestDetailsViewController.swift in Sources */,
				45CBBDB81FA16FC8007FA33B /* CluePrimeViewController.swift in Sources */,
				457FB6351F93126300AFE609 /* Clue.swift in Sources */,
				CEF412D41F8EF0FD00C482DE /* AppDelegate.swift in Sources */,
				4591D7731F90AFEE00BD7DA5 /* MenuViewController.swift in Sources */,
				D0FC2D781F9D24D90082D772 /* LocationPickerViewController.swift in Sources */,
			);
			runOnlyForDeploymentPostprocessing = 0;
		};
/* End PBXSourcesBuildPhase section */

/* Begin PBXVariantGroup section */
		CEF412D71F8EF0FD00C482DE /* Main.storyboard */ = {
			isa = PBXVariantGroup;
			children = (
				CEF412D81F8EF0FD00C482DE /* Base */,
			);
			name = Main.storyboard;
			sourceTree = "<group>";
		};
		CEF412DC1F8EF0FD00C482DE /* LaunchScreen.storyboard */ = {
			isa = PBXVariantGroup;
			children = (
				CEF412DD1F8EF0FD00C482DE /* Base */,
			);
			name = LaunchScreen.storyboard;
			sourceTree = "<group>";
		};
/* End PBXVariantGroup section */

/* Begin XCBuildConfiguration section */
		CEF412E01F8EF0FD00C482DE /* Debug */ = {
			isa = XCBuildConfiguration;
			buildSettings = {
				ALWAYS_SEARCH_USER_PATHS = NO;
				CLANG_ANALYZER_NONNULL = YES;
				CLANG_ANALYZER_NUMBER_OBJECT_CONVERSION = YES_AGGRESSIVE;
				CLANG_CXX_LANGUAGE_STANDARD = "gnu++14";
				CLANG_CXX_LIBRARY = "libc++";
				CLANG_ENABLE_MODULES = YES;
				CLANG_ENABLE_OBJC_ARC = YES;
				CLANG_WARN_BLOCK_CAPTURE_AUTORELEASING = YES;
				CLANG_WARN_BOOL_CONVERSION = YES;
				CLANG_WARN_COMMA = YES;
				CLANG_WARN_CONSTANT_CONVERSION = YES;
				CLANG_WARN_DIRECT_OBJC_ISA_USAGE = YES_ERROR;
				CLANG_WARN_DOCUMENTATION_COMMENTS = YES;
				CLANG_WARN_EMPTY_BODY = YES;
				CLANG_WARN_ENUM_CONVERSION = YES;
				CLANG_WARN_INFINITE_RECURSION = YES;
				CLANG_WARN_INT_CONVERSION = YES;
				CLANG_WARN_NON_LITERAL_NULL_CONVERSION = YES;
				CLANG_WARN_OBJC_LITERAL_CONVERSION = YES;
				CLANG_WARN_OBJC_ROOT_CLASS = YES_ERROR;
				CLANG_WARN_RANGE_LOOP_ANALYSIS = YES;
				CLANG_WARN_STRICT_PROTOTYPES = YES;
				CLANG_WARN_SUSPICIOUS_MOVE = YES;
				CLANG_WARN_UNGUARDED_AVAILABILITY = YES_AGGRESSIVE;
				CLANG_WARN_UNREACHABLE_CODE = YES;
				CLANG_WARN__DUPLICATE_METHOD_MATCH = YES;
				CODE_SIGN_IDENTITY = "iPhone Developer";
				COPY_PHASE_STRIP = NO;
				DEBUG_INFORMATION_FORMAT = dwarf;
				ENABLE_STRICT_OBJC_MSGSEND = YES;
				ENABLE_TESTABILITY = YES;
				GCC_C_LANGUAGE_STANDARD = gnu11;
				GCC_DYNAMIC_NO_PIC = NO;
				GCC_NO_COMMON_BLOCKS = YES;
				GCC_OPTIMIZATION_LEVEL = 0;
				GCC_PREPROCESSOR_DEFINITIONS = (
					"DEBUG=1",
					"$(inherited)",
				);
				GCC_WARN_64_TO_32_BIT_CONVERSION = YES;
				GCC_WARN_ABOUT_RETURN_TYPE = YES_ERROR;
				GCC_WARN_UNDECLARED_SELECTOR = YES;
				GCC_WARN_UNINITIALIZED_AUTOS = YES_AGGRESSIVE;
				GCC_WARN_UNUSED_FUNCTION = YES;
				GCC_WARN_UNUSED_VARIABLE = YES;
				IPHONEOS_DEPLOYMENT_TARGET = 11.0;
				MTL_ENABLE_DEBUG_INFO = YES;
				ONLY_ACTIVE_ARCH = YES;
				SDKROOT = iphoneos;
				SWIFT_ACTIVE_COMPILATION_CONDITIONS = DEBUG;
				SWIFT_OPTIMIZATION_LEVEL = "-Onone";
			};
			name = Debug;
		};
		CEF412E11F8EF0FD00C482DE /* Release */ = {
			isa = XCBuildConfiguration;
			buildSettings = {
				ALWAYS_SEARCH_USER_PATHS = NO;
				CLANG_ANALYZER_NONNULL = YES;
				CLANG_ANALYZER_NUMBER_OBJECT_CONVERSION = YES_AGGRESSIVE;
				CLANG_CXX_LANGUAGE_STANDARD = "gnu++14";
				CLANG_CXX_LIBRARY = "libc++";
				CLANG_ENABLE_MODULES = YES;
				CLANG_ENABLE_OBJC_ARC = YES;
				CLANG_WARN_BLOCK_CAPTURE_AUTORELEASING = YES;
				CLANG_WARN_BOOL_CONVERSION = YES;
				CLANG_WARN_COMMA = YES;
				CLANG_WARN_CONSTANT_CONVERSION = YES;
				CLANG_WARN_DIRECT_OBJC_ISA_USAGE = YES_ERROR;
				CLANG_WARN_DOCUMENTATION_COMMENTS = YES;
				CLANG_WARN_EMPTY_BODY = YES;
				CLANG_WARN_ENUM_CONVERSION = YES;
				CLANG_WARN_INFINITE_RECURSION = YES;
				CLANG_WARN_INT_CONVERSION = YES;
				CLANG_WARN_NON_LITERAL_NULL_CONVERSION = YES;
				CLANG_WARN_OBJC_LITERAL_CONVERSION = YES;
				CLANG_WARN_OBJC_ROOT_CLASS = YES_ERROR;
				CLANG_WARN_RANGE_LOOP_ANALYSIS = YES;
				CLANG_WARN_STRICT_PROTOTYPES = YES;
				CLANG_WARN_SUSPICIOUS_MOVE = YES;
				CLANG_WARN_UNGUARDED_AVAILABILITY = YES_AGGRESSIVE;
				CLANG_WARN_UNREACHABLE_CODE = YES;
				CLANG_WARN__DUPLICATE_METHOD_MATCH = YES;
				CODE_SIGN_IDENTITY = "iPhone Developer";
				COPY_PHASE_STRIP = NO;
				DEBUG_INFORMATION_FORMAT = "dwarf-with-dsym";
				ENABLE_NS_ASSERTIONS = NO;
				ENABLE_STRICT_OBJC_MSGSEND = YES;
				GCC_C_LANGUAGE_STANDARD = gnu11;
				GCC_NO_COMMON_BLOCKS = YES;
				GCC_WARN_64_TO_32_BIT_CONVERSION = YES;
				GCC_WARN_ABOUT_RETURN_TYPE = YES_ERROR;
				GCC_WARN_UNDECLARED_SELECTOR = YES;
				GCC_WARN_UNINITIALIZED_AUTOS = YES_AGGRESSIVE;
				GCC_WARN_UNUSED_FUNCTION = YES;
				GCC_WARN_UNUSED_VARIABLE = YES;
				IPHONEOS_DEPLOYMENT_TARGET = 11.0;
				MTL_ENABLE_DEBUG_INFO = NO;
				SDKROOT = iphoneos;
				SWIFT_OPTIMIZATION_LEVEL = "-Owholemodule";
				VALIDATE_PRODUCT = YES;
			};
			name = Release;
		};
		CEF412E31F8EF0FD00C482DE /* Debug */ = {
			isa = XCBuildConfiguration;
			baseConfigurationReference = 70A8A63EE59050F45042E8AF /* Pods-MapQuest.debug.xcconfig */;
			buildSettings = {
				ASSETCATALOG_COMPILER_APPICON_NAME = AppIcon;
				CODE_SIGN_STYLE = Automatic;
				DEVELOPMENT_TEAM = GR9523NYL4;
				INFOPLIST_FILE = MapQuest/Info.plist;
				LD_RUNPATH_SEARCH_PATHS = "$(inherited) @executable_path/Frameworks";
				PRODUCT_BUNDLE_IDENTIFIER = com.questmakers.MapQuest;
				PRODUCT_NAME = "$(TARGET_NAME)";
				SWIFT_VERSION = 4.0;
				TARGETED_DEVICE_FAMILY = "1,2";
			};
			name = Debug;
		};
		CEF412E41F8EF0FD00C482DE /* Release */ = {
			isa = XCBuildConfiguration;
			baseConfigurationReference = 76AD5C604864162296DF2EBD /* Pods-MapQuest.release.xcconfig */;
			buildSettings = {
				ASSETCATALOG_COMPILER_APPICON_NAME = AppIcon;
				CODE_SIGN_STYLE = Automatic;
				DEVELOPMENT_TEAM = GR9523NYL4;
				INFOPLIST_FILE = MapQuest/Info.plist;
				LD_RUNPATH_SEARCH_PATHS = "$(inherited) @executable_path/Frameworks";
				PRODUCT_BUNDLE_IDENTIFIER = com.questmakers.MapQuest;
				PRODUCT_NAME = "$(TARGET_NAME)";
				SWIFT_VERSION = 4.0;
				TARGETED_DEVICE_FAMILY = "1,2";
			};
			name = Release;
		};
/* End XCBuildConfiguration section */

/* Begin XCConfigurationList section */
		CEF412CB1F8EF0FD00C482DE /* Build configuration list for PBXProject "MapQuest" */ = {
			isa = XCConfigurationList;
			buildConfigurations = (
				CEF412E01F8EF0FD00C482DE /* Debug */,
				CEF412E11F8EF0FD00C482DE /* Release */,
			);
			defaultConfigurationIsVisible = 0;
			defaultConfigurationName = Release;
		};
		CEF412E21F8EF0FD00C482DE /* Build configuration list for PBXNativeTarget "MapQuest" */ = {
			isa = XCConfigurationList;
			buildConfigurations = (
				CEF412E31F8EF0FD00C482DE /* Debug */,
				CEF412E41F8EF0FD00C482DE /* Release */,
			);
			defaultConfigurationIsVisible = 0;
			defaultConfigurationName = Release;
		};
/* End XCConfigurationList section */
	};
	rootObject = CEF412C81F8EF0FD00C482DE /* Project object */;
}
